
Microsoft Visual Studio Solution File, Format Version 12.00
# Visual Studio Version 17
VisualStudioVersion = 17.9.34622.214
MinimumVisualStudioVersion = 10.0.40219.1
Project("{9A19103F-16F7-4668-BE54-9A1E7A4F7556}") = "EmployeeManagement", "EmployeeManagement\EmployeeManagement.csproj", "{FB4BDEAA-EAA2-4571-9703-749E732BB951}"
EndProject
Project("{9A19103F-16F7-4668-BE54-9A1E7A4F7556}") = "EmployeeManagement.Data", "EmployeeManagement.Data\EmployeeManagement.Data.csproj", "{D1B457B2-5734-4884-A3D2-6A75A0552B9E}"
EndProject
Project("{9A19103F-16F7-4668-BE54-9A1E7A4F7556}") = "EmployeeManagement.Business", "EmployeeManagement.Business\EmployeeManagement.Business.csproj", "{C17ECCC8-74FD-4357-8289-A63A79F441A4}"
EndProject
Project("{9A19103F-16F7-4668-BE54-9A1E7A4F7556}") = "EmployeeManagement.Mapping", "EmployeeManagement.Mapping\EmployeeManagement.Mapping.csproj", "{AD85D833-61DC-4547-8549-E0DDF6307579}"
EndProject
Project("{FAE04EC0-301F-11D3-BF4B-00C04F79EFBC}") = "EmployeeManagement.DTO", "EmployeeManagement.DTO\EmployeeManagement.DTO.csproj", "{E320D6B0-330A-4B5F-A6EB-EADBBB97B30B}"
EndProject
Global
	GlobalSection(SolutionConfigurationPlatforms) = preSolution
		Debug|Any CPU = Debug|Any CPU
		Release|Any CPU = Release|Any CPU
	EndGlobalSection
	GlobalSection(ProjectConfigurationPlatforms) = postSolution
		{FB4BDEAA-EAA2-4571-9703-749E732BB951}.Debug|Any CPU.ActiveCfg = Debug|Any CPU
		{FB4BDEAA-EAA2-4571-9703-749E732BB951}.Debug|Any CPU.Build.0 = Debug|Any CPU
		{FB4BDEAA-EAA2-4571-9703-749E732BB951}.Release|Any CPU.ActiveCfg = Release|Any CPU
		{FB4BDEAA-EAA2-4571-9703-749E732BB951}.Release|Any CPU.Build.0 = Release|Any CPU
		{D1B457B2-5734-4884-A3D2-6A75A0552B9E}.Debug|Any CPU.ActiveCfg = Debug|Any CPU
		{D1B457B2-5734-4884-A3D2-6A75A0552B9E}.Debug|Any CPU.Build.0 = Debug|Any CPU
		{D1B457B2-5734-4884-A3D2-6A75A0552B9E}.Release|Any CPU.ActiveCfg = Release|Any CPU
		{D1B457B2-5734-4884-A3D2-6A75A0552B9E}.Release|Any CPU.Build.0 = Release|Any CPU
		{C17ECCC8-74FD-4357-8289-A63A79F441A4}.Debug|Any CPU.ActiveCfg = Debug|Any CPU
		{C17ECCC8-74FD-4357-8289-A63A79F441A4}.Debug|Any CPU.Build.0 = Debug|Any CPU
		{C17ECCC8-74FD-4357-8289-A63A79F441A4}.Release|Any CPU.ActiveCfg = Release|Any CPU
		{C17ECCC8-74FD-4357-8289-A63A79F441A4}.Release|Any CPU.Build.0 = Release|Any CPU
		{AD85D833-61DC-4547-8549-E0DDF6307579}.Debug|Any CPU.ActiveCfg = Debug|Any CPU
		{AD85D833-61DC-4547-8549-E0DDF6307579}.Debug|Any CPU.Build.0 = Debug|Any CPU
		{AD85D833-61DC-4547-8549-E0DDF6307579}.Release|Any CPU.ActiveCfg = Release|Any CPU
		{AD85D833-61DC-4547-8549-E0DDF6307579}.Release|Any CPU.Build.0 = Release|Any CPU
		{E320D6B0-330A-4B5F-A6EB-EADBBB97B30B}.Debug|Any CPU.ActiveCfg = Debug|Any CPU
		{E320D6B0-330A-4B5F-A6EB-EADBBB97B30B}.Debug|Any CPU.Build.0 = Debug|Any CPU
		{E320D6B0-330A-4B5F-A6EB-EADBBB97B30B}.Release|Any CPU.ActiveCfg = Release|Any CPU
		{E320D6B0-330A-4B5F-A6EB-EADBBB97B30B}.Release|Any CPU.Build.0 = Release|Any CPU
	EndGlobalSection
	GlobalSection(SolutionProperties) = preSolution
		HideSolutionNode = FALSE
	EndGlobalSection
	GlobalSection(ExtensibilityGlobals) = postSolution
		SolutionGuid = {0788E205-107F-4BF4-8DDC-5167F970A307}
	EndGlobalSection
EndGlobal
